
Microsoft Visual Studio Solution File, Format Version 12.00
# Visual Studio 2013
VisualStudioVersion = 12.0.21005.1
MinimumVisualStudioVersion = 10.0.40219.1
Project("{FAE04EC0-301F-11D3-BF4B-00C04F79EFBC}") = "Customer", "Customer\Customer.csproj", "{BBB0DE5E-EE0C-42C6-8D53-B9E2A5B73A9A}"
EndProject
Project("{FAE04EC0-301F-11D3-BF4B-00C04F79EFBC}") = "StringDisperser", "StringDisperser\StringDisperser.csproj", "{1FB80701-9888-4707-A7A8-AEB32393B28A}"
EndProject
Global
	GlobalSection(SolutionConfigurationPlatforms) = preSolution
		Debug|Any CPU = Debug|Any CPU
		Release|Any CPU = Release|Any CPU
	EndGlobalSection
	GlobalSection(ProjectConfigurationPlatforms) = postSolution
		{BBB0DE5E-EE0C-42C6-8D53-B9E2A5B73A9A}.Debug|Any CPU.ActiveCfg = Debug|Any CPU
		{BBB0DE5E-EE0C-42C6-8D53-B9E2A5B73A9A}.Debug|Any CPU.Build.0 = Debug|Any CPU
		{BBB0DE5E-EE0C-42C6-8D53-B9E2A5B73A9A}.Release|Any CPU.ActiveCfg = Release|Any CPU
		{BBB0DE5E-EE0C-42C6-8D53-B9E2A5B73A9A}.Release|Any CPU.Build.0 = Release|Any CPU
		{1FB80701-9888-4707-A7A8-AEB32393B28A}.Debug|Any CPU.ActiveCfg = Debug|Any CPU
		{1FB80701-9888-4707-A7A8-AEB32393B28A}.Debug|Any CPU.Build.0 = Debug|Any CPU
		{1FB80701-9888-4707-A7A8-AEB32393B28A}.Release|Any CPU.ActiveCfg = Release|Any CPU
		{1FB80701-9888-4707-A7A8-AEB32393B28A}.Release|Any CPU.Build.0 = Release|Any CPU
	EndGlobalSection
	GlobalSection(SolutionProperties) = preSolution
		HideSolutionNode = FALSE
	EndGlobalSection
EndGlobal
